# This file is generated by running "yarn install" inside your project.
# Manual changes might be lost - proceed with caution!

__metadata:
  version: 8
  cacheKey: 10c0

"@playwright/test@npm:^1.63.0":
  version: 1.63.0
  resolution: "@playwright/test@npm:1.63.0"
  dependencies:
    playwright: "npm:1.63.0"
  bin:
    playwright: cli.js
  checksum: 10c0/795cd06c2eb6cb6142e72792f4df8f97665aa8c551c16278a7f2b3f31664e0cff07ed3c066490da55daf2fe51bc18e9c1ec6cba05b2c37387a0c49ad63017db8
  languageName: node
  linkType: hard

"@types/node@npm:^26.6.2":
  version: 26.6.2
  resolution: "@types/node@npm:26.6.2"
  dependencies:
    undici-types: "npm:~8.9.0"
  checksum: 10c0/bb411ff5863a79a28ffa4ebadf2499d44046aa114d25a7a6c78f57def118123a0a7dea99e8fe38849099e9dba2b41b8853a7a282037618559f58653c35e7c5c5
  languageName: node
  linkType: hard

"playwright-core@npm:1.63.0, playwright-core@npm:^1.63.0":
  version: 1.63.0
  resolution: "playwright-core@npm:1.63.0"
  bin:
    playwright-core: cli.js
  checksum: 10c0/39c1ebae4029ca2e9371e00a5588d962038e24b6e0bdb7d0d27374dde04838f349b83ae0c8b3b648653d0935cba7fb9011f1201adaab9dd0db7801ad6c75e9aa
  languageName: node
  linkType: hard

"playwright@npm:1.63.0, playwright@npm:^1.63.0":
  version: 1.63.0
  resolution: "playwright@npm:1.63.0"
  dependencies:
    playwright-core: "npm:1.63.0"
  bin:
    playwright: cli.js
  checksum: 10c0/d1fd048a89be27c9aba6757dc4f70eff4a5163b49f439ad691767be8b2a482327d0dd1928b4f73c8fe0d8b33aab2c9dc2670424ab60f112d9e98e91b94e3b090
  languageName: node
  linkType: hard

"tests@workspace:.":
  version: 0.0.0-use.local
  resolution: "tests@workspace:."
  dependencies:
    "@playwright/test": "npm:^1.63.0"
    "@types/node": "npm:^26.6.2"
    playwright: "npm:^1.63.0"
    playwright-core: "npm:^1.63.0"
  languageName: unknown
  linkType: soft

"undici-types@npm:~8.9.0":
  version: 8.9.0
  resolution: "undici-types@npm:8.9.0"
  checksum: 10c0/51c712c20c087368f62c6fc0f2bc49fa76bfe5dec28ff01584bb677ff29b0622569783c02d43e151143808c48c0503f804093bd2c491b10f2a830138034cb451
  languageName: node
  linkType: hard
